
Microsoft Visual Studio Solution File, Format Version 12.00
# Visual Studio Version 17
VisualStudioVersion = 17.7.34031.279
MinimumVisualStudioVersion = 10.0.40219.1
Project("{FAE04EC0-301F-11D3-BF4B-00C04F79EFBC}") = "MangaJaNaiConverterGui", "MangaJaNaiConverterGui\MangaJaNaiConverterGui.csproj", "{A0F428F0-2B21-415A-B6F0-23D52FB3300E}"
EndProject
Global
	GlobalSection(SolutionConfigurationPlatforms) = preSolution
		Debug|Any CPU = Debug|Any CPU
		Release|Any CPU = Release|Any CPU
	EndGlobalSection
	GlobalSection(ProjectConfigurationPlatforms) = postSolution
		{A0F428F0-2B21-415A-B6F0-23D52FB3300E}.Debug|Any CPU.ActiveCfg = Debug|Any CPU
		{A0F428F0-2B21-415A-B6F0-23D52FB3300E}.Debug|Any CPU.Build.0 = Debug|Any CPU
		{A0F428F0-2B21-415A-B6F0-23D52FB3300E}.Release|Any CPU.ActiveCfg = Release|Any CPU
		{A0F428F0-2B21-415A-B6F0-23D52FB3300E}.Release|Any CPU.Build.0 = Release|Any CPU
	EndGlobalSection
	GlobalSection(SolutionProperties) = preSolution
		HideSolutionNode = FALSE
	EndGlobalSection
	GlobalSection(ExtensibilityGlobals) = postSolution
		SolutionGuid = {922771E1-4DB5-4BA6-8485-66F1D46AEC92}
	EndGlobalSection
EndGlobal
